
Microsoft Visual Studio Solution File, Format Version 12.00
# Visual Studio 15
VisualStudioVersion = 15.0.27004.2009
MinimumVisualStudioVersion = 10.0.40219.1
Project("{FAE04EC0-301F-11D3-BF4B-00C04F79EFBC}") = "AUTORESPONSE", "AUTORESPONSE\AUTORESPONSE.csproj", "{207F568E-4B78-4254-9126-61F15C4E8E22}"
EndProject
Project("{FAE04EC0-301F-11D3-BF4B-00C04F79EFBC}") = "AUTORESPONSE.Tests", "AUTORESPONSE.Tests\AUTORESPONSE.Tests.csproj", "{3931CD72-DE89-4715-8D49-33BA20C2F307}"
EndProject
Global
	GlobalSection(SolutionConfigurationPlatforms) = preSolution
		Debug|Any CPU = Debug|Any CPU
		Release|Any CPU = Release|Any CPU
	EndGlobalSection
	GlobalSection(ProjectConfigurationPlatforms) = postSolution
		{207F568E-4B78-4254-9126-61F15C4E8E22}.Debug|Any CPU.ActiveCfg = Debug|Any CPU
		{207F568E-4B78-4254-9126-61F15C4E8E22}.Debug|Any CPU.Build.0 = Debug|Any CPU
		{207F568E-4B78-4254-9126-61F15C4E8E22}.Release|Any CPU.ActiveCfg = Release|Any CPU
		{207F568E-4B78-4254-9126-61F15C4E8E22}.Release|Any CPU.Build.0 = Release|Any CPU
		{3931CD72-DE89-4715-8D49-33BA20C2F307}.Debug|Any CPU.ActiveCfg = Debug|Any CPU
		{3931CD72-DE89-4715-8D49-33BA20C2F307}.Debug|Any CPU.Build.0 = Debug|Any CPU
		{3931CD72-DE89-4715-8D49-33BA20C2F307}.Release|Any CPU.ActiveCfg = Release|Any CPU
		{3931CD72-DE89-4715-8D49-33BA20C2F307}.Release|Any CPU.Build.0 = Release|Any CPU
	EndGlobalSection
	GlobalSection(SolutionProperties) = preSolution
		HideSolutionNode = FALSE
	EndGlobalSection
	GlobalSection(ExtensibilityGlobals) = postSolution
		SolutionGuid = {ADBAADE0-FC0A-4DF2-8AFD-48A7FAAFDCB6}
	EndGlobalSection
EndGlobal
